github.com/JackMordaunt/icns v1.0.0 h1:41cNyWyQrG6beMw7m93LFK5o1GhefflsBTkauUkUtG8=
github.com/JackMordaunt/icns v1.0.0/go.mod h1:ubRqphS0f2OD07BuNaQSuw9uHUVQNBX5g38n6i2bdqM=
github.com/machinebox/appify v0.0.0-20180512101119-15c1e09ce924 h1:uXvs2WoTfOUZuGu+qJUUZWb5UxBU59DLlZhZBxNgBFs=
github.com/machinebox/appify v0.0.0-20180512101119-15c1e09ce924/go.mod h1:sqsRpT+VgEXox31qA9IQ9sEO8VQ/q7v7Y9WFxWkQTF0=
github.com/matryer/way v0.0.0-20180416093233-9632d0c407b0 h1:KWiqy3hl8yCUPAq1frD0DKXKyn7d9h2nVhj2r5ISq2o=
github.com/matryer/way v0.0.0-20180416093233-9632d0c407b0/go.mod h1:stiJZfMq1xZPqvIyt2VsYMgLul8vf1nmL0D3KU70dEc=
github.com/nfnt/resize v0.0.0-20180221191011-83c6a9932646 h1:zYyBkD/k9seD2A7fsi6Oo2LfFZAehjjQMERAvZLEDnQ=
github.com/nfnt/resize v0.0.0-20180221191011-83c6a9932646/go.mod h1:jpp1/29i3P1S/RLdc7JQKbRpFeM1dOBd8T9ki5s+AY8=
github.com/pkg/errors v0.9.1 h1:FEBLx1zS214owpjy7qsBeixbURkuhQAwrK5UwLGTwt4=
github.com/pkg/errors v0.9.1/go.mod h1:bwawxfHBFNV+L2hUp1rHADufV3IMtnDRdf1r5NINEl0=
github.com/webview/webview v0.0.0-20210330151455-f540d88dde4e h1:z780M7mCrdt6KiICeW9SGirvQjxDlrVU+n99FO93nbI=
github.com/webview/webview v0.0.0-20210330151455-f540d88dde4e/go.mod h1:rpXAuuHgyEJb6kXcXldlkOjU6y4x+YcASKKXJNUhh0Y=
